
Microsoft Visual Studio Solution File, Format Version 12.00
# Visual Studio Version 17
VisualStudioVersion = 17.14.36705.20
MinimumVisualStudioVersion = 10.0.40219.1
Project("{FAE04EC0-301F-11D3-BF4B-00C04F79EFBC}") = "Presentation", "Presentation\Presentation.csproj", "{BE519C8A-ED98-49B3-94CB-5037A747E0D2}"
EndProject
Project("{FAE04EC0-301F-11D3-BF4B-00C04F79EFBC}") = "Domain", "Domain\Domain.csproj", "{3441F196-AA36-41B7-91E7-0582D58E577B}"
EndProject
Project("{FAE04EC0-301F-11D3-BF4B-00C04F79EFBC}") = "Infrastructure", "Infrastructure\Infrastructure.csproj", "{815D4027-4FB7-4FAC-9D9F-E77440F81E82}"
EndProject
Project("{FAE04EC0-301F-11D3-BF4B-00C04F79EFBC}") = "Application", "Application\Application.csproj", "{45A5C65E-B98C-4854-B6FF-20DF7F919655}"
EndProject
Global
	GlobalSection(SolutionConfigurationPlatforms) = preSolution
		Debug|Any CPU = Debug|Any CPU
		Release|Any CPU = Release|Any CPU
	EndGlobalSection
	GlobalSection(ProjectConfigurationPlatforms) = postSolution
		{BE519C8A-ED98-49B3-94CB-5037A747E0D2}.Debug|Any CPU.ActiveCfg = Debug|Any CPU
		{BE519C8A-ED98-49B3-94CB-5037A747E0D2}.Debug|Any CPU.Build.0 = Debug|Any CPU
		{BE519C8A-ED98-49B3-94CB-5037A747E0D2}.Release|Any CPU.ActiveCfg = Release|Any CPU
		{BE519C8A-ED98-49B3-94CB-5037A747E0D2}.Release|Any CPU.Build.0 = Release|Any CPU
		{3441F196-AA36-41B7-91E7-0582D58E577B}.Debug|Any CPU.ActiveCfg = Debug|Any CPU
		{3441F196-AA36-41B7-91E7-0582D58E577B}.Debug|Any CPU.Build.0 = Debug|Any CPU
		{3441F196-AA36-41B7-91E7-0582D58E577B}.Release|Any CPU.ActiveCfg = Release|Any CPU
		{3441F196-AA36-41B7-91E7-0582D58E577B}.Release|Any CPU.Build.0 = Release|Any CPU
		{815D4027-4FB7-4FAC-9D9F-E77440F81E82}.Debug|Any CPU.ActiveCfg = Debug|Any CPU
		{815D4027-4FB7-4FAC-9D9F-E77440F81E82}.Debug|Any CPU.Build.0 = Debug|Any CPU
		{815D4027-4FB7-4FAC-9D9F-E77440F81E82}.Release|Any CPU.ActiveCfg = Release|Any CPU
		{815D4027-4FB7-4FAC-9D9F-E77440F81E82}.Release|Any CPU.Build.0 = Release|Any CPU
		{45A5C65E-B98C-4854-B6FF-20DF7F919655}.Debug|Any CPU.ActiveCfg = Debug|Any CPU
		{45A5C65E-B98C-4854-B6FF-20DF7F919655}.Debug|Any CPU.Build.0 = Debug|Any CPU
		{45A5C65E-B98C-4854-B6FF-20DF7F919655}.Release|Any CPU.ActiveCfg = Release|Any CPU
		{45A5C65E-B98C-4854-B6FF-20DF7F919655}.Release|Any CPU.Build.0 = Release|Any CPU
	EndGlobalSection
	GlobalSection(SolutionProperties) = preSolution
		HideSolutionNode = FALSE
	EndGlobalSection
	GlobalSection(ExtensibilityGlobals) = postSolution
		SolutionGuid = {9BF42C1C-109F-449B-B65B-26A978A6BA71}
	EndGlobalSection
EndGlobal
